
Microsoft Visual Studio Solution File, Format Version 12.00
# Visual Studio Version 17
VisualStudioVersion = 17.4.33213.308
MinimumVisualStudioVersion = 10.0.40219.1
Project("{FAE04EC0-301F-11D3-BF4B-00C04F79EFBC}") = "ATM", "ATM\ATM.csproj", "{830AE752-EFA8-4B91-8ADB-4D140B110043}"
EndProject
Global
	GlobalSection(SolutionConfigurationPlatforms) = preSolution
		Debug|Any CPU = Debug|Any CPU
		Release|Any CPU = Release|Any CPU
	EndGlobalSection
	GlobalSection(ProjectConfigurationPlatforms) = postSolution
		{830AE752-EFA8-4B91-8ADB-4D140B110043}.Debug|Any CPU.ActiveCfg = Debug|Any CPU
		{830AE752-EFA8-4B91-8ADB-4D140B110043}.Debug|Any CPU.Build.0 = Debug|Any CPU
		{830AE752-EFA8-4B91-8ADB-4D140B110043}.Release|Any CPU.ActiveCfg = Release|Any CPU
		{830AE752-EFA8-4B91-8ADB-4D140B110043}.Release|Any CPU.Build.0 = Release|Any CPU
	EndGlobalSection
	GlobalSection(SolutionProperties) = preSolution
		HideSolutionNode = FALSE
	EndGlobalSection
	GlobalSection(ExtensibilityGlobals) = postSolution
		SolutionGuid = {2DDAD9DD-5458-45BC-B708-558470AF4412}
	EndGlobalSection
EndGlobal
